Microsoft Visual Studio Solution File, Format Version 12.00
# Visual Studio Version 17
VisualStudioVersion = 17.0.31903.59
MinimumVisualStudioVersion = 10.0.40219.1
Project("{2150E333-8FDC-42A3-9474-1A3956D46DE8}") = "src", "src", "{827E0CD3-B72D-47B6-A68D-7590B98EB39B}"
EndProject
Project("{2150E333-8FDC-42A3-9474-1A3956D46DE8}") = "BuildingBlocks", "BuildingBlocks", "{90298CBA-BD6F-3A0A-69D5-97CAD7B05E7E}"
EndProject
Project("{2150E333-8FDC-42A3-9474-1A3956D46DE8}") = "EventBus", "EventBus", "{4D909E3A-FE81-0AA7-4841-65E192C827E3}"
EndProject
Project("{FAE04EC0-301F-11D3-BF4B-00C04F79EFBC}") = "BuildingBlocks.EventBus", "src\BuildingBlocks\EventBus\BuildingBlocks.EventBus\BuildingBlocks.EventBus.csproj", "{ABED7B57-AECF-44D4-839D-09D0957ED866}"
EndProject
Project("{2150E333-8FDC-42A3-9474-1A3956D46DE8}") = "Messaging", "Messaging", "{822C9DB6-3D5F-1EA6-0D4B-B00980B50A9B}"
EndProject
Project("{FAE04EC0-301F-11D3-BF4B-00C04F79EFBC}") = "BuildingBlocks.Messaging", "src\BuildingBlocks\Messaging\BuildingBlocks.Messaging\BuildingBlocks.Messaging.csproj", "{41069875-5E01-4AFD-A7FD-99A3283A8A15}"
EndProject
Project("{2150E333-8FDC-42A3-9474-1A3956D46DE8}") = "Outbox", "Outbox", "{C0F2E371-78A9-AEDB-BF0B-B2BDED22EEEE}"
EndProject
Project("{FAE04EC0-301F-11D3-BF4B-00C04F79EFBC}") = "BuildingBlocks.Outbox", "src\BuildingBlocks\Outbox\BuildingBlocks.Outbox\BuildingBlocks.Outbox.csproj", "{DF0018AE-D9E4-4153-93CD-F614F8E53D6C}"
EndProject
Project("{2150E333-8FDC-42A3-9474-1A3956D46DE8}") = "SharedKernel", "SharedKernel", "{29198B4F-BA60-D483-6723-7BD064451595}"
EndProject
Project("{FAE04EC0-301F-11D3-BF4B-00C04F79EFBC}") = "BuildingBlocks.SharedKernel", "src\BuildingBlocks\SharedKernel\BuildingBlocks.SharedKernel\BuildingBlocks.SharedKernel.csproj", "{FCA14194-70B8-417B-8FAE-BC2EC7FC03FF}"
EndProject
Project("{2150E333-8FDC-42A3-9474-1A3956D46DE8}") = "Order", "Order", "{8F24DB20-97A3-5C9A-FC1B-8CEA0608774B}"
EndProject
Project("{2150E333-8FDC-42A3-9474-1A3956D46DE8}") = "Order.Domain", "Order.Domain", "{E9DF3A1D-6000-F035-BF10-314C94122042}"
EndProject
Project("{FAE04EC0-301F-11D3-BF4B-00C04F79EFBC}") = "Order.Domain", "src\Order\Order.Domain\Order.Domain\Order.Domain.csproj", "{026F6401-036C-4461-80D7-3953C4E8A153}"
EndProject
Project("{2150E333-8FDC-42A3-9474-1A3956D46DE8}") = "Order.Application", "Order.Application", "{E290B50B-F228-447D-9720-1006DA57823D}"
EndProject
Project("{FAE04EC0-301F-11D3-BF4B-00C04F79EFBC}") = "Order.Application", "src\Order\Order.Application\Order.Application\Order.Application.csproj", "{0EDDAACD-49B8-4039-ACCF-19989F78A84C}"
EndProject
Project("{2150E333-8FDC-42A3-9474-1A3956D46DE8}") = "Order.Infrastructure", "Order.Infrastructure", "{EA4AF448-F0B1-00E3-49A5-909D45320370}"
EndProject
Project("{FAE04EC0-301F-11D3-BF4B-00C04F79EFBC}") = "Order.Infrastructure", "src\Order\Order.Infrastructure\Order.Infrastructure\Order.Infrastructure.csproj", "{BECCB0CA-DBEE-4348-B6E3-BF4F7919FF8F}"
EndProject
Project("{2150E333-8FDC-42A3-9474-1A3956D46DE8}") = "Order.Api", "Order.Api", "{28DDA3BC-16EE-51ED-8387-BE08EE0FB8F7}"
EndProject
Project("{FAE04EC0-301F-11D3-BF4B-00C04F79EFBC}") = "Order.Api", "src\Order\Order.Api\Order.Api\Order.Api.csproj", "{AB89FFC6-9D8C-47D9-AB13-1370A09E5CAE}"
EndProject
Project("{FAE04EC0-301F-11D3-BF4B-00C04F79EFBC}") = "Order.UnitTests", "src\Order\Order.UnitTests\Order.UnitTests.csproj", "{1EDDAACD-49B8-4039-ACCF-19989F78A84D}"
EndProject
Project("{2150E333-8FDC-42A3-9474-1A3956D46DE8}") = "Payment", "Payment", "{FE9050FB-983E-C37B-EEA3-5C8ABB4CBAF9}"
EndProject
Project("{2150E333-8FDC-42A3-9474-1A3956D46DE8}") = "Payment.Domain", "Payment.Domain", "{F108870D-770A-5B8A-1B9B-F3BF6EFD9005}"
EndProject
Project("{FAE04EC0-301F-11D3-BF4B-00C04F79EFBC}") = "Payment.Domain", "src\Payment\Payment.Domain\Payment.Domain\Payment.Domain.csproj", "{A504084B-6E36-4C3A-9B52-9B09B5434602}"
EndProject
Project("{FAE04EC0-301F-11D3-BF4B-00C04F79EFBC}") = "Payment.Application", "src\Payment\Payment.Application\Payment.Application\Payment.Application.csproj", "{356B6CA9-9D24-4153-BF58-3F1841A1A867}"
EndProject
Project("{FAE04EC0-301F-11D3-BF4B-00C04F79EFBC}") = "Payment.Infrastructure", "src\Payment\Payment.Infrastructure\Payment.Infrastructure\Payment.Infrastructure.csproj", "{818933A2-814C-43DD-9736-AFAC49FE65E1}"
EndProject
Project("{FAE04EC0-301F-11D3-BF4B-00C04F79EFBC}") = "Payment.Api", "src\Payment\Payment.Api\Payment.Api\Payment.Api.csproj", "{D3D2EC8A-5AF9-4ACC-99F1-00FABD150EF4}"
EndProject
Project("{2150E333-8FDC-42A3-9474-1A3956D46DE8}") = "Inventory", "Inventory", "{6646DC9B-45F7-597F-FD98-DC7F277572B1}"
EndProject
Project("{2150E333-8FDC-42A3-9474-1A3956D46DE8}") = "Inventory.Domain", "Inventory.Domain", "{8B47E63C-17D0-943D-9B94-CB72E4EF7413}"
EndProject
Project("{FAE04EC0-301F-11D3-BF4B-00C04F79EFBC}") = "Inventory.Domain", "src\Inventory\Inventory.Domain\Inventory.Domain\Inventory.Domain.csproj", "{CC2E943E-EDCA-4DD0-B08B-6421E67ADFCB}"
EndProject
Project("{FAE04EC0-301F-11D3-BF4B-00C04F79EFBC}") = "Inventory.Application", "src\Inventory\Inventory.Application\Inventory.Application\Inventory.Application.csproj", "{32B8E468-09CD-4EDD-A181-E92FD5F8F6AB}"
EndProject
Project("{FAE04EC0-301F-11D3-BF4B-00C04F79EFBC}") = "Inventory.Infrastructure", "src\Inventory\Inventory.Infrastructure\Inventory.Infrastructure\Inventory.Infrastructure.csproj", "{5C12EC94-9697-4B80-9F36-4FE7AA5C4875}"
EndProject
Project("{FAE04EC0-301F-11D3-BF4B-00C04F79EFBC}") = "Inventory.Api", "src\Inventory\Inventory.Api\Inventory.Api\Inventory.Api.csproj", "{8861AE08-9887-499A-9582-6FDE8FAB9780}"
EndProject
Project("{FAE04EC0-301F-11D3-BF4B-00C04F79EFBC}") = "Inventory.UnitTests", "src\Inventory\Inventory.UnitTests\Inventory.UnitTests.csproj", "{E8DDAACD-49B8-4039-ACCF-19989F78A84E}"
EndProject
Project("{2150E333-8FDC-42A3-9474-1A3956D46DE8}") = "Notification", "Notification", "{70BAA7F9-7914-E584-5739-8B02C132DCC7}"
EndProject
Project("{2150E333-8FDC-42A3-9474-1A3956D46DE8}") = "Notification.Application", "Notification.Application", "{190AAE53-76A1-EE0D-C1F7-33B89F1608C1}"
EndProject
Project("{FAE04EC0-301F-11D3-BF4B-00C04F79EFBC}") = "Notification.Application", "src\Notification\Notification.Application\Notification.Application\Notification.Application.csproj", "{F0957B98-2239-45DA-87AB-8DD836FC547F}"
EndProject
Project("{FAE04EC0-301F-11D3-BF4B-00C04F79EFBC}") = "Notification.Infrastructure", "src\Notification\Notification.Infrastructure\Notification.Infrastructure\Notification.Infrastructure.csproj", "{255C43D0-5CD3-4A16-927C-C085EC781E44}"
EndProject
Project("{2150E333-8FDC-42A3-9474-1A3956D46DE8}") = "Analytics", "Analytics", "{E977BE3B-8388-8DF4-CE75-4B9DD4E5640D}"
EndProject
Project("{2150E333-8FDC-42A3-9474-1A3956D46DE8}") = "Analytics.Application", "Analytics.Application", "{4D5BA42D-343C-A0FA-9ABD-C58485AA1AAC}"
EndProject
Project("{FAE04EC0-301F-11D3-BF4B-00C04F79EFBC}") = "Analytics.Application", "src\Analytics\Analytics.Application\Analytics.Application\Analytics.Application.csproj", "{819361E7-1010-403C-B89C-D87DA9307324}"
EndProject
Project("{FAE04EC0-301F-11D3-BF4B-00C04F79EFBC}") = "Analytics.Infrastructure", "src\Analytics\Analytics.Infrastructure\Analytics.Infrastructure\Analytics.Infrastructure.csproj", "{C5C233AC-0214-46E4-8102-EA4026A6E339}"
EndProject
Project("{2150E333-8FDC-42A3-9474-1A3956D46DE8}") = "host", "host", "{7226ABEA-787E-1D09-10EA-A2ECF996D6A6}"
EndProject
Project("{2150E333-8FDC-42A3-9474-1A3956D46DE8}") = "Bootstrapper", "Bootstrapper", "{9EACAA25-ED82-DC63-858C-86062295B0B2}"
EndProject
Project("{2150E333-8FDC-42A3-9474-1A3956D46DE8}") = "WebHost", "WebHost", "{230DF225-5035-17C8-36D7-1017D03A1885}"
EndProject
Project("{FAE04EC0-301F-11D3-BF4B-00C04F79EFBC}") = "WebHost", "host\Bootstrapper\WebHost\WebHost\WebHost.csproj", "{0A84FE40-97CF-42D3-8EF6-873E092B48E3}"
EndProject
Global
	GlobalSection(SolutionConfigurationPlatforms) = preSolution
		Debug|Any CPU = Debug|Any CPU
		Debug|x64 = Debug|x64
		Debug|x86 = Debug|x86
		Release|Any CPU = Release|Any CPU
		Release|x64 = Release|x64
		Release|x86 = Release|x86
	EndGlobalSection
	GlobalSection(ProjectConfigurationPlatforms) = postSolution
		{ABED7B57-AECF-44D4-839D-09D0957ED866}.Debug|Any CPU.ActiveCfg = Debug|Any CPU
		{ABED7B57-AECF-44D4-839D-09D0957ED866}.Debug|Any CPU.Build.0 = Debug|Any CPU
		{ABED7B57-AECF-44D4-839D-09D0957ED866}.Debug|x64.ActiveCfg = Debug|Any CPU
		{ABED7B57-AECF-44D4-839D-09D0957ED866}.Debug|x64.Build.0 = Debug|Any CPU
		{ABED7B57-AECF-44D4-839D-09D0957ED866}.Debug|x86.ActiveCfg = Debug|Any CPU
		{ABED7B57-AECF-44D4-839D-09D0957ED866}.Debug|x86.Build.0 = Debug|Any CPU
		{ABED7B57-AECF-44D4-839D-09D0957ED866}.Release|Any CPU.ActiveCfg = Release|Any CPU
		{ABED7B57-AECF-44D4-839D-09D0957ED866}.Release|Any CPU.Build.0 = Release|Any CPU
		{ABED7B57-AECF-44D4-839D-09D0957ED866}.Release|x64.ActiveCfg = Release|Any CPU
		{ABED7B57-AECF-44D4-839D-09D0957ED866}.Release|x64.Build.0 = Release|Any CPU
		{ABED7B57-AECF-44D4-839D-09D0957ED866}.Release|x86.ActiveCfg = Release|Any CPU
		{ABED7B57-AECF-44D4-839D-09D0957ED866}.Release|x86.Build.0 = Release|Any CPU
		{41069875-5E01-4AFD-A7FD-99A3283A8A15}.Debug|Any CPU.ActiveCfg = Debug|Any CPU
		{41069875-5E01-4AFD-A7FD-99A3283A8A15}.Debug|Any CPU.Build.0 = Debug|Any CPU
		{41069875-5E01-4AFD-A7FD-99A3283A8A15}.Debug|x64.ActiveCfg = Debug|Any CPU
		{41069875-5E01-4AFD-A7FD-99A3283A8A15}.Debug|x64.Build.0 = Debug|Any CPU
		{41069875-5E01-4AFD-A7FD-99A3283A8A15}.Debug|x86.ActiveCfg = Debug|Any CPU
		{41069875-5E01-4AFD-A7FD-99A3283A8A15}.Debug|x86.Build.0 = Debug|Any CPU
		{41069875-5E01-4AFD-A7FD-99A3283A8A15}.Release|Any CPU.ActiveCfg = Release|Any CPU
		{41069875-5E01-4AFD-A7FD-99A3283A8A15}.Release|Any CPU.Build.0 = Release|Any CPU
		{41069875-5E01-4AFD-A7FD-99A3283A8A15}.Release|x64.ActiveCfg = Release|Any CPU
		{41069875-5E01-4AFD-A7FD-99A3283A8A15}.Release|x64.Build.0 = Release|Any CPU
		{41069875-5E01-4AFD-A7FD-99A3283A8A15}.Release|x86.ActiveCfg = Release|Any CPU
		{41069875-5E01-4AFD-A7FD-99A3283A8A15}.Release|x86.Build.0 = Release|Any CPU
		{DF0018AE-D9E4-4153-93CD-F614F8E53D6C}.Debug|Any CPU.ActiveCfg = Debug|Any CPU
		{DF0018AE-D9E4-4153-93CD-F614F8E53D6C}.Debug|Any CPU.Build.0 = Debug|Any CPU
		{DF0018AE-D9E4-4153-93CD-F614F8E53D6C}.Debug|x64.ActiveCfg = Debug|Any CPU
		{DF0018AE-D9E4-4153-93CD-F614F8E53D6C}.Debug|x64.Build.0 = Debug|Any CPU
		{DF0018AE-D9E4-4153-93CD-F614F8E53D6C}.Debug|x86.ActiveCfg = Debug|Any CPU
		{DF0018AE-D9E4-4153-93CD-F614F8E53D6C}.Debug|x86.Build.0 = Debug|Any CPU
		{DF0018AE-D9E4-4153-93CD-F614F8E53D6C}.Release|Any CPU.ActiveCfg = Release|Any CPU
		{DF0018AE-D9E4-4153-93CD-F614F8E53D6C}.Release|Any CPU.Build.0 = Release|Any CPU
		{DF0018AE-D9E4-4153-93CD-F614F8E53D6C}.Release|x64.ActiveCfg = Release|Any CPU
		{DF0018AE-D9E4-4153-93CD-F614F8E53D6C}.Release|x64.Build.0 = Release|Any CPU
		{DF0018AE-D9E4-4153-93CD-F614F8E53D6C}.Release|x86.ActiveCfg = Release|Any CPU
		{DF0018AE-D9E4-4153-93CD-F614F8E53D6C}.Release|x86.Build.0 = Release|Any CPU
		{FCA14194-70B8-417B-8FAE-BC2EC7FC03FF}.Debug|Any CPU.ActiveCfg = Debug|Any CPU
		{FCA14194-70B8-417B-8FAE-BC2EC7FC03FF}.Debug|Any CPU.Build.0 = Debug|Any CPU
		{FCA14194-70B8-417B-8FAE-BC2EC7FC03FF}.Debug|x64.ActiveCfg = Debug|Any CPU
		{FCA14194-70B8-417B-8FAE-BC2EC7FC03FF}.Debug|x64.Build.0 = Debug|Any CPU
		{FCA14194-70B8-417B-8FAE-BC2EC7FC03FF}.Debug|x86.ActiveCfg = Debug|Any CPU
		{FCA14194-70B8-417B-8FAE-BC2EC7FC03FF}.Debug|x86.Build.0 = Debug|Any CPU
		{FCA14194-70B8-417B-8FAE-BC2EC7FC03FF}.Release|Any CPU.ActiveCfg = Release|Any CPU
		{FCA14194-70B8-417B-8FAE-BC2EC7FC03FF}.Release|Any CPU.Build.0 = Release|Any CPU
		{FCA14194-70B8-417B-8FAE-BC2EC7FC03FF}.Release|x64.ActiveCfg = Release|Any CPU
		{FCA14194-70B8-417B-8FAE-BC2EC7FC03FF}.Release|x64.Build.0 = Release|Any CPU
		{FCA14194-70B8-417B-8FAE-BC2EC7FC03FF}.Release|x86.ActiveCfg = Release|Any CPU
		{FCA14194-70B8-417B-8FAE-BC2EC7FC03FF}.Release|x86.Build.0 = Release|Any CPU
		{026F6401-036C-4461-80D7-3953C4E8A153}.Debug|Any CPU.ActiveCfg = Debug|Any CPU
		{026F6401-036C-4461-80D7-3953C4E8A153}.Debug|Any CPU.Build.0 = Debug|Any CPU
		{026F6401-036C-4461-80D7-3953C4E8A153}.Debug|x64.ActiveCfg = Debug|Any CPU
		{026F6401-036C-4461-80D7-3953C4E8A153}.Debug|x64.Build.0 = Debug|Any CPU
		{026F6401-036C-4461-80D7-3953C4E8A153}.Debug|x86.ActiveCfg = Debug|Any CPU
		{026F6401-036C-4461-80D7-3953C4E8A153}.Debug|x86.Build.0 = Debug|Any CPU
		{026F6401-036C-4461-80D7-3953C4E8A153}.Release|Any CPU.ActiveCfg = Release|Any CPU
		{026F6401-036C-4461-80D7-3953C4E8A153}.Release|Any CPU.Build.0 = Release|Any CPU
		{026F6401-036C-4461-80D7-3953C4E8A153}.Release|x64.ActiveCfg = Release|Any CPU
		{026F6401-036C-4461-80D7-3953C4E8A153}.Release|x64.Build.0 = Release|Any CPU
		{026F6401-036C-4461-80D7-3953C4E8A153}.Release|x86.ActiveCfg = Release|Any CPU
		{026F6401-036C-4461-80D7-3953C4E8A153}.Release|x86.Build.0 = Release|Any CPU
		{0EDDAACD-49B8-4039-ACCF-19989F78A84C}.Debug|Any CPU.ActiveCfg = Debug|Any CPU
		{0EDDAACD-49B8-4039-ACCF-19989F78A84C}.Debug|Any CPU.Build.0 = Debug|Any CPU
		{0EDDAACD-49B8-4039-ACCF-19989F78A84C}.Debug|x64.ActiveCfg = Debug|Any CPU
		{0EDDAACD-49B8-4039-ACCF-19989F78A84C}.Debug|x64.Build.0 = Debug|Any CPU
		{0EDDAACD-49B8-4039-ACCF-19989F78A84C}.Debug|x86.ActiveCfg = Debug|Any CPU
		{0EDDAACD-49B8-4039-ACCF-19989F78A84C}.Debug|x86.Build.0 = Debug|Any CPU
		{0EDDAACD-49B8-4039-ACCF-19989F78A84C}.Release|Any CPU.ActiveCfg = Release|Any CPU
		{0EDDAACD-49B8-4039-ACCF-19989F78A84C}.Release|Any CPU.Build.0 = Release|Any CPU
		{0EDDAACD-49B8-4039-ACCF-19989F78A84C}.Release|x64.ActiveCfg = Release|Any CPU
		{0EDDAACD-49B8-4039-ACCF-19989F78A84C}.Release|x64.Build.0 = Release|Any CPU
		{0EDDAACD-49B8-4039-ACCF-19989F78A84C}.Release|x86.ActiveCfg = Release|Any CPU
		{0EDDAACD-49B8-4039-ACCF-19989F78A84C}.Release|x86.Build.0 = Release|Any CPU
		{BECCB0CA-DBEE-4348-B6E3-BF4F7919FF8F}.Debug|Any CPU.ActiveCfg = Debug|Any CPU
		{BECCB0CA-DBEE-4348-B6E3-BF4F7919FF8F}.Debug|Any CPU.Build.0 = Debug|Any CPU
		{BECCB0CA-DBEE-4348-B6E3-BF4F7919FF8F}.Debug|x64.ActiveCfg = Debug|Any CPU
		{BECCB0CA-DBEE-4348-B6E3-BF4F7919FF8F}.Debug|x64.Build.0 = Debug|Any CPU
		{BECCB0CA-DBEE-4348-B6E3-BF4F7919FF8F}.Debug|x86.ActiveCfg = Debug|Any CPU
		{BECCB0CA-DBEE-4348-B6E3-BF4F7919FF8F}.Debug|x86.Build.0 = Debug|Any CPU
		{BECCB0CA-DBEE-4348-B6E3-BF4F7919FF8F}.Release|Any CPU.ActiveCfg = Release|Any CPU
		{BECCB0CA-DBEE-4348-B6E3-BF4F7919FF8F}.Release|Any CPU.Build.0 = Release|Any CPU
		{BECCB0CA-DBEE-4348-B6E3-BF4F7919FF8F}.Release|x64.ActiveCfg = Release|Any CPU
		{BECCB0CA-DBEE-4348-B6E3-BF4F7919FF8F}.Release|x64.Build.0 = Release|Any CPU
		{BECCB0CA-DBEE-4348-B6E3-BF4F7919FF8F}.Release|x86.ActiveCfg = Release|Any CPU
		{BECCB0CA-DBEE-4348-B6E3-BF4F7919FF8F}.Release|x86.Build.0 = Release|Any CPU
		{AB89FFC6-9D8C-47D9-AB13-1370A09E5CAE}.Debug|Any CPU.ActiveCfg = Debug|Any CPU
		{AB89FFC6-9D8C-47D9-AB13-1370A09E5CAE}.Debug|Any CPU.Build.0 = Debug|Any CPU
		{AB89FFC6-9D8C-47D9-AB13-1370A09E5CAE}.Debug|x64.ActiveCfg = Debug|Any CPU
		{AB89FFC6-9D8C-47D9-AB13-1370A09E5CAE}.Debug|x64.Build.0 = Debug|Any CPU
		{AB89FFC6-9D8C-47D9-AB13-1370A09E5CAE}.Debug|x86.ActiveCfg = Debug|Any CPU
		{AB89FFC6-9D8C-47D9-AB13-1370A09E5CAE}.Debug|x86.Build.0 = Debug|Any CPU
		{AB89FFC6-9D8C-47D9-AB13-1370A09E5CAE}.Release|Any CPU.ActiveCfg = Release|Any CPU
		{AB89FFC6-9D8C-47D9-AB13-1370A09E5CAE}.Release|Any CPU.Build.0 = Release|Any CPU
		{AB89FFC6-9D8C-47D9-AB13-1370A09E5CAE}.Release|x64.ActiveCfg = Release|Any CPU
		{AB89FFC6-9D8C-47D9-AB13-1370A09E5CAE}.Release|x64.Build.0 = Release|Any CPU
		{AB89FFC6-9D8C-47D9-AB13-1370A09E5CAE}.Release|x86.ActiveCfg = Release|Any CPU
		{AB89FFC6-9D8C-47D9-AB13-1370A09E5CAE}.Release|x86.Build.0 = Release|Any CPU
		{1EDDAACD-49B8-4039-ACCF-19989F78A84D}.Debug|Any CPU.ActiveCfg = Debug|Any CPU
		{1EDDAACD-49B8-4039-ACCF-19989F78A84D}.Debug|Any CPU.Build.0 = Debug|Any CPU
		{1EDDAACD-49B8-4039-ACCF-19989F78A84D}.Debug|x64.ActiveCfg = Debug|Any CPU
		{1EDDAACD-49B8-4039-ACCF-19989F78A84D}.Debug|x64.Build.0 = Debug|Any CPU
		{1EDDAACD-49B8-4039-ACCF-19989F78A84D}.Debug|x86.ActiveCfg = Debug|Any CPU
		{1EDDAACD-49B8-4039-ACCF-19989F78A84D}.Debug|x86.Build.0 = Debug|Any CPU
		{1EDDAACD-49B8-4039-ACCF-19989F78A84D}.Release|Any CPU.ActiveCfg = Release|Any CPU
		{1EDDAACD-49B8-4039-ACCF-19989F78A84D}.Release|Any CPU.Build.0 = Release|Any CPU
		{1EDDAACD-49B8-4039-ACCF-19989F78A84D}.Release|x64.ActiveCfg = Release|Any CPU
		{1EDDAACD-49B8-4039-ACCF-19989F78A84D}.Release|x64.Build.0 = Release|Any CPU
		{1EDDAACD-49B8-4039-ACCF-19989F78A84D}.Release|x86.ActiveCfg = Release|Any CPU
		{1EDDAACD-49B8-4039-ACCF-19989F78A84D}.Release|x86.Build.0 = Release|Any CPU
		{A504084B-6E36-4C3A-9B52-9B09B5434602}.Debug|Any CPU.ActiveCfg = Debug|Any CPU
		{A504084B-6E36-4C3A-9B52-9B09B5434602}.Debug|Any CPU.Build.0 = Debug|Any CPU
		{A504084B-6E36-4C3A-9B52-9B09B5434602}.Debug|x64.ActiveCfg = Debug|Any CPU
		{A504084B-6E36-4C3A-9B52-9B09B5434602}.Debug|x64.Build.0 = Debug|Any CPU
		{A504084B-6E36-4C3A-9B52-9B09B5434602}.Debug|x86.ActiveCfg = Debug|Any CPU
		{A504084B-6E36-4C3A-9B52-9B09B5434602}.Debug|x86.Build.0 = Debug|Any CPU
		{A504084B-6E36-4C3A-9B52-9B09B5434602}.Release|Any CPU.ActiveCfg = Release|Any CPU
		{A504084B-6E36-4C3A-9B52-9B09B5434602}.Release|Any CPU.Build.0 = Release|Any CPU
		{A504084B-6E36-4C3A-9B52-9B09B5434602}.Release|x64.ActiveCfg = Release|Any CPU
		{A504084B-6E36-4C3A-9B52-9B09B5434602}.Release|x64.Build.0 = Release|Any CPU
		{A504084B-6E36-4C3A-9B52-9B09B5434602}.Release|x86.ActiveCfg = Release|Any CPU
		{A504084B-6E36-4C3A-9B52-9B09B5434602}.Release|x86.Build.0 = Release|Any CPU
		{356B6CA9-9D24-4153-BF58-3F1841A1A867}.Debug|Any CPU.ActiveCfg = Debug|Any CPU
		{356B6CA9-9D24-4153-BF58-3F1841A1A867}.Debug|Any CPU.Build.0 = Debug|Any CPU
		{356B6CA9-9D24-4153-BF58-3F1841A1A867}.Debug|x64.ActiveCfg = Debug|Any CPU
		{356B6CA9-9D24-4153-BF58-3F1841A1A867}.Debug|x64.Build.0 = Debug|Any CPU
		{356B6CA9-9D24-4153-BF58-3F1841A1A867}.Debug|x86.ActiveCfg = Debug|Any CPU
		{356B6CA9-9D24-4153-BF58-3F1841A1A867}.Debug|x86.Build.0 = Debug|Any CPU
		{356B6CA9-9D24-4153-BF58-3F1841A1A867}.Release|Any CPU.ActiveCfg = Release|Any CPU
		{356B6CA9-9D24-4153-BF58-3F1841A1A867}.Release|Any CPU.Build.0 = Release|Any CPU
		{356B6CA9-9D24-4153-BF58-3F1841A1A867}.Release|x64.ActiveCfg = Release|Any CPU
		{356B6CA9-9D24-4153-BF58-3F1841A1A867}.Release|x64.Build.0 = Release|Any CPU
		{356B6CA9-9D24-4153-BF58-3F1841A1A867}.Release|x86.ActiveCfg = Release|Any CPU
		{356B6CA9-9D24-4153-BF58-3F1841A1A867}.Release|x86.Build.0 = Release|Any CPU
		{818933A2-814C-43DD-9736-AFAC49FE65E1}.Debug|Any CPU.ActiveCfg = Debug|Any CPU
		{818933A2-814C-43DD-9736-AFAC49FE65E1}.Debug|Any CPU.Build.0 = Debug|Any CPU
		{818933A2-814C-43DD-9736-AFAC49FE65E1}.Debug|x64.ActiveCfg = Debug|Any CPU
		{818933A2-814C-43DD-9736-AFAC49FE65E1}.Debug|x64.Build.0 = Debug|Any CPU
		{818933A2-814C-43DD-9736-AFAC49FE65E1}.Debug|x86.ActiveCfg = Debug|Any CPU
		{818933A2-814C-43DD-9736-AFAC49FE65E1}.Debug|x86.Build.0 = Debug|Any CPU
		{818933A2-814C-43DD-9736-AFAC49FE65E1}.Release|Any CPU.ActiveCfg = Release|Any CPU
		{818933A2-814C-43DD-9736-AFAC49FE65E1}.Release|Any CPU.Build.0 = Release|Any CPU
		{818933A2-814C-43DD-9736-AFAC49FE65E1}.Release|x64.ActiveCfg = Release|Any CPU
		{818933A2-814C-43DD-9736-AFAC49FE65E1}.Release|x64.Build.0 = Release|Any CPU
		{818933A2-814C-43DD-9736-AFAC49FE65E1}.Release|x86.ActiveCfg = Release|Any CPU
		{818933A2-814C-43DD-9736-AFAC49FE65E1}.Release|x86.Build.0 = Release|Any CPU
		{D3D2EC8A-5AF9-4ACC-99F1-00FABD150EF4}.Debug|Any CPU.ActiveCfg = Debug|Any CPU
		{D3D2EC8A-5AF9-4ACC-99F1-00FABD150EF4}.Debug|Any CPU.Build.0 = Debug|Any CPU
		{D3D2EC8A-5AF9-4ACC-99F1-00FABD150EF4}.Debug|x64.ActiveCfg = Debug|Any CPU
		{D3D2EC8A-5AF9-4ACC-99F1-00FABD150EF4}.Debug|x64.Build.0 = Debug|Any CPU
		{D3D2EC8A-5AF9-4ACC-99F1-00FABD150EF4}.Debug|x86.ActiveCfg = Debug|Any CPU
		{D3D2EC8A-5AF9-4ACC-99F1-00FABD150EF4}.Debug|x86.Build.0 = Debug|Any CPU
		{D3D2EC8A-5AF9-4ACC-99F1-00FABD150EF4}.Release|Any CPU.ActiveCfg = Release|Any CPU
		{D3D2EC8A-5AF9-4ACC-99F1-00FABD150EF4}.Release|Any CPU.Build.0 = Release|Any CPU
		{D3D2EC8A-5AF9-4ACC-99F1-00FABD150EF4}.Release|x64.ActiveCfg = Release|Any CPU
		{D3D2EC8A-5AF9-4ACC-99F1-00FABD150EF4}.Release|x64.Build.0 = Release|Any CPU
		{D3D2EC8A-5AF9-4ACC-99F1-00FABD150EF4}.Release|x86.ActiveCfg = Release|Any CPU
		{D3D2EC8A-5AF9-4ACC-99F1-00FABD150EF4}.Release|x86.Build.0 = Release|Any CPU
		{CC2E943E-EDCA-4DD0-B08B-6421E67ADFCB}.Debug|Any CPU.ActiveCfg = Debug|Any CPU
		{CC2E943E-EDCA-4DD0-B08B-6421E67ADFCB}.Debug|Any CPU.Build.0 = Debug|Any CPU
		{CC2E943E-EDCA-4DD0-B08B-6421E67ADFCB}.Debug|x64.ActiveCfg = Debug|Any CPU
		{CC2E943E-EDCA-4DD0-B08B-6421E67ADFCB}.Debug|x64.Build.0 = Debug|Any CPU
		{CC2E943E-EDCA-4DD0-B08B-6421E67ADFCB}.Debug|x86.ActiveCfg = Debug|Any CPU
		{CC2E943E-EDCA-4DD0-B08B-6421E67ADFCB}.Debug|x86.Build.0 = Debug|Any CPU
		{CC2E943E-EDCA-4DD0-B08B-6421E67ADFCB}.Release|Any CPU.ActiveCfg = Release|Any CPU
		{CC2E943E-EDCA-4DD0-B08B-6421E67ADFCB}.Release|Any CPU.Build.0 = Release|Any CPU
		{CC2E943E-EDCA-4DD0-B08B-6421E67ADFCB}.Release|x64.ActiveCfg = Release|Any CPU
		{CC2E943E-EDCA-4DD0-B08B-6421E67ADFCB}.Release|x64.Build.0 = Release|Any CPU
		{CC2E943E-EDCA-4DD0-B08B-6421E67ADFCB}.Release|x86.ActiveCfg = Release|Any CPU
		{CC2E943E-EDCA-4DD0-B08B-6421E67ADFCB}.Release|x86.Build.0 = Release|Any CPU
		{32B8E468-09CD-4EDD-A181-E92FD5F8F6AB}.Debug|Any CPU.ActiveCfg = Debug|Any CPU
		{32B8E468-09CD-4EDD-A181-E92FD5F8F6AB}.Debug|Any CPU.Build.0 = Debug|Any CPU
		{32B8E468-09CD-4EDD-A181-E92FD5F8F6AB}.Debug|x64.ActiveCfg = Debug|Any CPU
		{32B8E468-09CD-4EDD-A181-E92FD5F8F6AB}.Debug|x64.Build.0 = Debug|Any CPU
		{32B8E468-09CD-4EDD-A181-E92FD5F8F6AB}.Debug|x86.ActiveCfg = Debug|Any CPU
		{32B8E468-09CD-4EDD-A181-E92FD5F8F6AB}.Debug|x86.Build.0 = Debug|Any CPU
		{32B8E468-09CD-4EDD-A181-E92FD5F8F6AB}.Release|Any CPU.ActiveCfg = Release|Any CPU
		{32B8E468-09CD-4EDD-A181-E92FD5F8F6AB}.Release|Any CPU.Build.0 = Release|Any CPU
		{32B8E468-09CD-4EDD-A181-E92FD5F8F6AB}.Release|x64.ActiveCfg = Release|Any CPU
		{32B8E468-09CD-4EDD-A181-E92FD5F8F6AB}.Release|x64.Build.0 = Release|Any CPU
		{32B8E468-09CD-4EDD-A181-E92FD5F8F6AB}.Release|x86.ActiveCfg = Release|Any CPU
		{32B8E468-09CD-4EDD-A181-E92FD5F8F6AB}.Release|x86.Build.0 = Release|Any CPU
		{5C12EC94-9697-4B80-9F36-4FE7AA5C4875}.Debug|Any CPU.ActiveCfg = Debug|Any CPU
		{5C12EC94-9697-4B80-9F36-4FE7AA5C4875}.Debug|Any CPU.Build.0 = Debug|Any CPU
		{5C12EC94-9697-4B80-9F36-4FE7AA5C4875}.Debug|x64.ActiveCfg = Debug|Any CPU
		{5C12EC94-9697-4B80-9F36-4FE7AA5C4875}.Debug|x64.Build.0 = Debug|Any CPU
		{5C12EC94-9697-4B80-9F36-4FE7AA5C4875}.Debug|x86.ActiveCfg = Debug|Any CPU
		{5C12EC94-9697-4B80-9F36-4FE7AA5C4875}.Debug|x86.Build.0 = Debug|Any CPU
		{5C12EC94-9697-4B80-9F36-4FE7AA5C4875}.Release|Any CPU.ActiveCfg = Release|Any CPU
		{5C12EC94-9697-4B80-9F36-4FE7AA5C4875}.Release|Any CPU.Build.0 = Release|Any CPU
		{5C12EC94-9697-4B80-9F36-4FE7AA5C4875}.Release|x64.ActiveCfg = Release|Any CPU
		{5C12EC94-9697-4B80-9F36-4FE7AA5C4875}.Release|x64.Build.0 = Release|Any CPU
		{5C12EC94-9697-4B80-9F36-4FE7AA5C4875}.Release|x86.ActiveCfg = Release|Any CPU
		{5C12EC94-9697-4B80-9F36-4FE7AA5C4875}.Release|x86.Build.0 = Release|Any CPU
		{8861AE08-9887-499A-9582-6FDE8FAB9780}.Debug|Any CPU.ActiveCfg = Debug|Any CPU
		{8861AE08-9887-499A-9582-6FDE8FAB9780}.Debug|Any CPU.Build.0 = Debug|Any CPU
		{8861AE08-9887-499A-9582-6FDE8FAB9780}.Debug|x64.ActiveCfg = Debug|Any CPU
		{8861AE08-9887-499A-9582-6FDE8FAB9780}.Debug|x64.Build.0 = Debug|Any CPU
		{8861AE08-9887-499A-9582-6FDE8FAB9780}.Debug|x86.ActiveCfg = Debug|Any CPU
		{8861AE08-9887-499A-9582-6FDE8FAB9780}.Debug|x86.Build.0 = Debug|Any CPU
		{8861AE08-9887-499A-9582-6FDE8FAB9780}.Release|Any CPU.ActiveCfg = Release|Any CPU
		{8861AE08-9887-499A-9582-6FDE8FAB9780}.Release|Any CPU.Build.0 = Release|Any CPU
		{8861AE08-9887-499A-9582-6FDE8FAB9780}.Release|x64.ActiveCfg = Release|Any CPU
		{8861AE08-9887-499A-9582-6FDE8FAB9780}.Release|x64.Build.0 = Release|Any CPU
		{8861AE08-9887-499A-9582-6FDE8FAB9780}.Release|x86.ActiveCfg = Release|Any CPU
		{8861AE08-9887-499A-9582-6FDE8FAB9780}.Release|x86.Build.0 = Release|Any CPU
		{E8DDAACD-49B8-4039-ACCF-19989F78A84E}.Debug|Any CPU.ActiveCfg = Debug|Any CPU
		{E8DDAACD-49B8-4039-ACCF-19989F78A84E}.Debug|Any CPU.Build.0 = Debug|Any CPU
		{E8DDAACD-49B8-4039-ACCF-19989F78A84E}.Debug|x64.ActiveCfg = Debug|Any CPU
		{E8DDAACD-49B8-4039-ACCF-19989F78A84E}.Debug|x64.Build.0 = Debug|Any CPU
		{E8DDAACD-49B8-4039-ACCF-19989F78A84E}.Debug|x86.ActiveCfg = Debug|Any CPU
		{E8DDAACD-49B8-4039-ACCF-19989F78A84E}.Debug|x86.Build.0 = Debug|Any CPU
		{E8DDAACD-49B8-4039-ACCF-19989F78A84E}.Release|Any CPU.ActiveCfg = Release|Any CPU
		{E8DDAACD-49B8-4039-ACCF-19989F78A84E}.Release|Any CPU.Build.0 = Release|Any CPU
		{E8DDAACD-49B8-4039-ACCF-19989F78A84E}.Release|x64.ActiveCfg = Release|Any CPU
		{E8DDAACD-49B8-4039-ACCF-19989F78A84E}.Release|x64.Build.0 = Release|Any CPU
		{E8DDAACD-49B8-4039-ACCF-19989F78A84E}.Release|x86.ActiveCfg = Release|Any CPU
		{E8DDAACD-49B8-4039-ACCF-19989F78A84E}.Release|x86.Build.0 = Release|Any CPU
		{F0957B98-2239-45DA-87AB-8DD836FC547F}.Debug|Any CPU.ActiveCfg = Debug|Any CPU
		{F0957B98-2239-45DA-87AB-8DD836FC547F}.Debug|Any CPU.Build.0 = Debug|Any CPU
		{F0957B98-2239-45DA-87AB-8DD836FC547F}.Debug|x64.ActiveCfg = Debug|Any CPU
		{F0957B98-2239-45DA-87AB-8DD836FC547F}.Debug|x64.Build.0 = Debug|Any CPU
		{F0957B98-2239-45DA-87AB-8DD836FC547F}.Debug|x86.ActiveCfg = Debug|Any CPU
		{F0957B98-2239-45DA-87AB-8DD836FC547F}.Debug|x86.Build.0 = Debug|Any CPU
		{F0957B98-2239-45DA-87AB-8DD836FC547F}.Release|Any CPU.ActiveCfg = Release|Any CPU
		{F0957B98-2239-45DA-87AB-8DD836FC547F}.Release|Any CPU.Build.0 = Release|Any CPU
		{F0957B98-2239-45DA-87AB-8DD836FC547F}.Release|x64.ActiveCfg = Release|Any CPU
		{F0957B98-2239-45DA-87AB-8DD836FC547F}.Release|x64.Build.0 = Release|Any CPU
		{F0957B98-2239-45DA-87AB-8DD836FC547F}.Release|x86.ActiveCfg = Release|Any CPU
		{F0957B98-2239-45DA-87AB-8DD836FC547F}.Release|x86.Build.0 = Release|Any CPU
		{255C43D0-5CD3-4A16-927C-C085EC781E44}.Debug|Any CPU.ActiveCfg = Debug|Any CPU
		{255C43D0-5CD3-4A16-927C-C085EC781E44}.Debug|Any CPU.Build.0 = Debug|Any CPU
		{255C43D0-5CD3-4A16-927C-C085EC781E44}.Debug|x64.ActiveCfg = Debug|Any CPU
		{255C43D0-5CD3-4A16-927C-C085EC781E44}.Debug|x64.Build.0 = Debug|Any CPU
		{255C43D0-5CD3-4A16-927C-C085EC781E44}.Debug|x86.ActiveCfg = Debug|Any CPU
		{255C43D0-5CD3-4A16-927C-C085EC781E44}.Debug|x86.Build.0 = Debug|Any CPU
		{255C43D0-5CD3-4A16-927C-C085EC781E44}.Release|Any CPU.ActiveCfg = Release|Any CPU
		{255C43D0-5CD3-4A16-927C-C085EC781E44}.Release|Any CPU.Build.0 = Release|Any CPU
		{255C43D0-5CD3-4A16-927C-C085EC781E44}.Release|x64.ActiveCfg = Release|Any CPU
		{255C43D0-5CD3-4A16-927C-C085EC781E44}.Release|x64.Build.0 = Release|Any CPU
		{255C43D0-5CD3-4A16-927C-C085EC781E44}.Release|x86.ActiveCfg = Release|Any CPU
		{255C43D0-5CD3-4A16-927C-C085EC781E44}.Release|x86.Build.0 = Release|Any CPU
		{819361E7-1010-403C-B89C-D87DA9307324}.Debug|Any CPU.ActiveCfg = Debug|Any CPU
		{819361E7-1010-403C-B89C-D87DA9307324}.Debug|Any CPU.Build.0 = Debug|Any CPU
		{819361E7-1010-403C-B89C-D87DA9307324}.Debug|x64.ActiveCfg = Debug|Any CPU
		{819361E7-1010-403C-B89C-D87DA9307324}.Debug|x64.Build.0 = Debug|Any CPU
		{819361E7-1010-403C-B89C-D87DA9307324}.Debug|x86.ActiveCfg = Debug|Any CPU
		{819361E7-1010-403C-B89C-D87DA9307324}.Debug|x86.Build.0 = Debug|Any CPU
		{819361E7-1010-403C-B89C-D87DA9307324}.Release|Any CPU.ActiveCfg = Release|Any CPU
		{819361E7-1010-403C-B89C-D87DA9307324}.Release|Any CPU.Build.0 = Release|Any CPU
		{819361E7-1010-403C-B89C-D87DA9307324}.Release|x64.ActiveCfg = Release|Any CPU
		{819361E7-1010-403C-B89C-D87DA9307324}.Release|x64.Build.0 = Release|Any CPU
		{819361E7-1010-403C-B89C-D87DA9307324}.Release|x86.ActiveCfg = Release|Any CPU
		{819361E7-1010-403C-B89C-D87DA9307324}.Release|x86.Build.0 = Release|Any CPU
		{C5C233AC-0214-46E4-8102-EA4026A6E339}.Debug|Any CPU.ActiveCfg = Debug|Any CPU
		{C5C233AC-0214-46E4-8102-EA4026A6E339}.Debug|Any CPU.Build.0 = Debug|Any CPU
		{C5C233AC-0214-46E4-8102-EA4026A6E339}.Debug|x64.ActiveCfg = Debug|Any CPU
		{C5C233AC-0214-46E4-8102-EA4026A6E339}.Debug|x64.Build.0 = Debug|Any CPU
		{C5C233AC-0214-46E4-8102-EA4026A6E339}.Debug|x86.ActiveCfg = Debug|Any CPU
		{C5C233AC-0214-46E4-8102-EA4026A6E339}.Debug|x86.Build.0 = Debug|Any CPU
		{C5C233AC-0214-46E4-8102-EA4026A6E339}.Release|Any CPU.ActiveCfg = Release|Any CPU
		{C5C233AC-0214-46E4-8102-EA4026A6E339}.Release|Any CPU.Build.0 = Release|Any CPU
		{C5C233AC-0214-46E4-8102-EA4026A6E339}.Release|x64.ActiveCfg = Release|Any CPU
		{C5C233AC-0214-46E4-8102-EA4026A6E339}.Release|x64.Build.0 = Release|Any CPU
		{C5C233AC-0214-46E4-8102-EA4026A6E339}.Release|x86.ActiveCfg = Release|Any CPU
		{C5C233AC-0214-46E4-8102-EA4026A6E339}.Release|x86.Build.0 = Release|Any CPU
		{0A84FE40-97CF-42D3-8EF6-873E092B48E3}.Debug|Any CPU.ActiveCfg = Debug|Any CPU
		{0A84FE40-97CF-42D3-8EF6-873E092B48E3}.Debug|Any CPU.Build.0 = Debug|Any CPU
		{0A84FE40-97CF-42D3-8EF6-873E092B48E3}.Debug|x64.ActiveCfg = Debug|Any CPU
		{0A84FE40-97CF-42D3-8EF6-873E092B48E3}.Debug|x64.Build.0 = Debug|Any CPU
		{0A84FE40-97CF-42D3-8EF6-873E092B48E3}.Debug|x86.ActiveCfg = Debug|Any CPU
		{0A84FE40-97CF-42D3-8EF6-873E092B48E3}.Debug|x86.Build.0 = Debug|Any CPU
		{0A84FE40-97CF-42D3-8EF6-873E092B48E3}.Release|Any CPU.ActiveCfg = Release|Any CPU
		{0A84FE40-97CF-42D3-8EF6-873E092B48E3}.Release|Any CPU.Build.0 = Release|Any CPU
		{0A84FE40-97CF-42D3-8EF6-873E092B48E3}.Release|x64.ActiveCfg = Release|Any CPU
		{0A84FE40-97CF-42D3-8EF6-873E092B48E3}.Release|x64.Build.0 = Release|Any CPU
		{0A84FE40-97CF-42D3-8EF6-873E092B48E3}.Release|x86.ActiveCfg = Release|Any CPU
		{0A84FE40-97CF-42D3-8EF6-873E092B48E3}.Release|x86.Build.0 = Release|Any CPU
	EndGlobalSection
	GlobalSection(SolutionProperties) = preSolution
		HideSolutionNode = FALSE
	EndGlobalSection
	GlobalSection(NestedProjects) = preSolution
		{90298CBA-BD6F-3A0A-69D5-97CAD7B05E7E} = {827E0CD3-B72D-47B6-A68D-7590B98EB39B}
		{4D909E3A-FE81-0AA7-4841-65E192C827E3} = {90298CBA-BD6F-3A0A-69D5-97CAD7B05E7E}
		{ABED7B57-AECF-44D4-839D-09D0957ED866} = {4D909E3A-FE81-0AA7-4841-65E192C827E3}
		{822C9DB6-3D5F-1EA6-0D4B-B00980B50A9B} = {90298CBA-BD6F-3A0A-69D5-97CAD7B05E7E}
		{41069875-5E01-4AFD-A7FD-99A3283A8A15} = {822C9DB6-3D5F-1EA6-0D4B-B00980B50A9B}
		{C0F2E371-78A9-AEDB-BF0B-B2BDED22EEEE} = {90298CBA-BD6F-3A0A-69D5-97CAD7B05E7E}
		{DF0018AE-D9E4-4153-93CD-F614F8E53D6C} = {C0F2E371-78A9-AEDB-BF0B-B2BDED22EEEE}
		{29198B4F-BA60-D483-6723-7BD064451595} = {90298CBA-BD6F-3A0A-69D5-97CAD7B05E7E}
		{FCA14194-70B8-417B-8FAE-BC2EC7FC03FF} = {29198B4F-BA60-D483-6723-7BD064451595}
		{8F24DB20-97A3-5C9A-FC1B-8CEA0608774B} = {827E0CD3-B72D-47B6-A68D-7590B98EB39B}
		{E9DF3A1D-6000-F035-BF10-314C94122042} = {8F24DB20-97A3-5C9A-FC1B-8CEA0608774B}
		{026F6401-036C-4461-80D7-3953C4E8A153} = {E9DF3A1D-6000-F035-BF10-314C94122042}
		{E290B50B-F228-447D-9720-1006DA57823D} = {8F24DB20-97A3-5C9A-FC1B-8CEA0608774B}
		{0EDDAACD-49B8-4039-ACCF-19989F78A84C} = {E290B50B-F228-447D-9720-1006DA57823D}
		{EA4AF448-F0B1-00E3-49A5-909D45320370} = {8F24DB20-97A3-5C9A-FC1B-8CEA0608774B}
		{BECCB0CA-DBEE-4348-B6E3-BF4F7919FF8F} = {EA4AF448-F0B1-00E3-49A5-909D45320370}
		{28DDA3BC-16EE-51ED-8387-BE08EE0FB8F7} = {8F24DB20-97A3-5C9A-FC1B-8CEA0608774B}
		{AB89FFC6-9D8C-47D9-AB13-1370A09E5CAE} = {28DDA3BC-16EE-51ED-8387-BE08EE0FB8F7}
		{1EDDAACD-49B8-4039-ACCF-19989F78A84D} = {8F24DB20-97A3-5C9A-FC1B-8CEA0608774B}
		{FE9050FB-983E-C37B-EEA3-5C8ABB4CBAF9} = {EA4AF448-F0B1-00E3-49A5-909D45320370}
		{F108870D-770A-5B8A-1B9B-F3BF6EFD9005} = {FE9050FB-983E-C37B-EEA3-5C8ABB4CBAF9}
		{A504084B-6E36-4C3A-9B52-9B09B5434602} = {F108870D-770A-5B8A-1B9B-F3BF6EFD9005}
		{356B6CA9-9D24-4153-BF58-3F1841A1A867} = {F108870D-770A-5B8A-1B9B-F3BF6EFD9005}
		{818933A2-814C-43DD-9736-AFAC49FE65E1} = {F108870D-770A-5B8A-1B9B-F3BF6EFD9005}
		{D3D2EC8A-5AF9-4ACC-99F1-00FABD150EF4} = {F108870D-770A-5B8A-1B9B-F3BF6EFD9005}
		{6646DC9B-45F7-597F-FD98-DC7F277572B1} = {827E0CD3-B72D-47B6-A68D-7590B98EB39B}
		{8B47E63C-17D0-943D-9B94-CB72E4EF7413} = {6646DC9B-45F7-597F-FD98-DC7F277572B1}
		{CC2E943E-EDCA-4DD0-B08B-6421E67ADFCB} = {8B47E63C-17D0-943D-9B94-CB72E4EF7413}
		{32B8E468-09CD-4EDD-A181-E92FD5F8F6AB} = {8B47E63C-17D0-943D-9B94-CB72E4EF7413}
		{5C12EC94-9697-4B80-9F36-4FE7AA5C4875} = {8B47E63C-17D0-943D-9B94-CB72E4EF7413}
		{8861AE08-9887-499A-9582-6FDE8FAB9780} = {8B47E63C-17D0-943D-9B94-CB72E4EF7413}
		{E8DDAACD-49B8-4039-ACCF-19989F78A84E} = {8B47E63C-17D0-943D-9B94-CB72E4EF7413}
		{70BAA7F9-7914-E584-5739-8B02C132DCC7} = {827E0CD3-B72D-47B6-A68D-7590B98EB39B}
		{190AAE53-76A1-EE0D-C1F7-33B89F1608C1} = {70BAA7F9-7914-E584-5739-8B02C132DCC7}
		{F0957B98-2239-45DA-87AB-8DD836FC547F} = {190AAE53-76A1-EE0D-C1F7-33B89F1608C1}
		{255C43D0-5CD3-4A16-927C-C085EC781E44} = {190AAE53-76A1-EE0D-C1F7-33B89F1608C1}
		{E977BE3B-8388-8DF4-CE75-4B9DD4E5640D} = {827E0CD3-B72D-47B6-A68D-7590B98EB39B}
		{4D5BA42D-343C-A0FA-9ABD-C58485AA1AAC} = {E977BE3B-8388-8DF4-CE75-4B9DD4E5640D}
		{819361E7-1010-403C-B89C-D87DA9307324} = {4D5BA42D-343C-A0FA-9ABD-C58485AA1AAC}
		{C5C233AC-0214-46E4-8102-EA4026A6E339} = {4D5BA42D-343C-A0FA-9ABD-C58485AA1AAC}
		{9EACAA25-ED82-DC63-858C-86062295B0B2} = {7226ABEA-787E-1D09-10EA-A2ECF996D6A6}
		{230DF225-5035-17C8-36D7-1017D03A1885} = {9EACAA25-ED82-DC63-858C-86062295B0B2}
		{0A84FE40-97CF-42D3-8EF6-873E092B48E3} = {230DF225-5035-17C8-36D7-1017D03A1885}
	EndGlobalSection
	GlobalSection(ExtensibilityGlobals) = postSolution
		SolutionGuid = {EE23281B-A97B-4DC3-B13E-98E107B80D68}
	EndGlobalSection
EndGlobal
